
Microsoft Visual Studio Solution File, Format Version 12.00
# Visual Studio Version 17
VisualStudioVersion = 17.13.35931.197 d17.13
MinimumVisualStudioVersion = 10.0.40219.1
Project("{FAE04EC0-301F-11D3-BF4B-00C04F79EFBC}") = "DataLayer", "DataLayer\DataLayer.csproj", "{3EC9FA69-4225-45D6-AA22-9F4BB13BD9DD}"
EndProject
Project("{FAE04EC0-301F-11D3-BF4B-00C04F79EFBC}") = "BusinessLayer", "BusinessLayer\BusinessLayer.csproj", "{E467D115-6E49-4848-83B4-836693BB3AE5}"
EndProject
Project("{FAE04EC0-301F-11D3-BF4B-00C04F79EFBC}") = "Presentation", "Presentation\Presentation.csproj", "{CAE70220-8EDD-4AB9-B43A-6961E10D4EEF}"
EndProject
Global
	GlobalSection(SolutionConfigurationPlatforms) = preSolution
		Debug|Any CPU = Debug|Any CPU
		Release|Any CPU = Release|Any CPU
	EndGlobalSection
	GlobalSection(ProjectConfigurationPlatforms) = postSolution
		{3EC9FA69-4225-45D6-AA22-9F4BB13BD9DD}.Debug|Any CPU.ActiveCfg = Debug|Any CPU
		{3EC9FA69-4225-45D6-AA22-9F4BB13BD9DD}.Debug|Any CPU.Build.0 = Debug|Any CPU
		{3EC9FA69-4225-45D6-AA22-9F4BB13BD9DD}.Release|Any CPU.ActiveCfg = Release|Any CPU
		{3EC9FA69-4225-45D6-AA22-9F4BB13BD9DD}.Release|Any CPU.Build.0 = Release|Any CPU
		{E467D115-6E49-4848-83B4-836693BB3AE5}.Debug|Any CPU.ActiveCfg = Debug|Any CPU
		{E467D115-6E49-4848-83B4-836693BB3AE5}.Debug|Any CPU.Build.0 = Debug|Any CPU
		{E467D115-6E49-4848-83B4-836693BB3AE5}.Release|Any CPU.ActiveCfg = Release|Any CPU
		{E467D115-6E49-4848-83B4-836693BB3AE5}.Release|Any CPU.Build.0 = Release|Any CPU
		{CAE70220-8EDD-4AB9-B43A-6961E10D4EEF}.Debug|Any CPU.ActiveCfg = Debug|Any CPU
		{CAE70220-8EDD-4AB9-B43A-6961E10D4EEF}.Debug|Any CPU.Build.0 = Debug|Any CPU
		{CAE70220-8EDD-4AB9-B43A-6961E10D4EEF}.Release|Any CPU.ActiveCfg = Release|Any CPU
		{CAE70220-8EDD-4AB9-B43A-6961E10D4EEF}.Release|Any CPU.Build.0 = Release|Any CPU
	EndGlobalSection
	GlobalSection(SolutionProperties) = preSolution
		HideSolutionNode = FALSE
	EndGlobalSection
	GlobalSection(ExtensibilityGlobals) = postSolution
		SolutionGuid = {2A5C22B2-79A2-4C07-BD5B-394C6AAACBCD}
	EndGlobalSection
EndGlobal
